# This file is automatically @generated by Cargo.
# It is not intended for manual editing.
version = 3

[[package]]
name = "fix-js-heap-limit"
version = "0.1.0"
dependencies = [
 "fuzzy-matcher",
]

[[package]]
name = "fuzzy-matcher"
version = "0.3.7"
source = "registry+https://github.com/rust-lang/crates.io-index"
checksum = "54614a3312934d066701a80f20f15fa3b56d67ac7722b39eea5b4c9dd1d66c94"
dependencies = [
 "thread_local",
]

[[package]]
name = "once_cell"
version = "1.10.0"
source = "registry+https://github.com/rust-lang/crates.io-index"
checksum = "87f3e037eac156d1775da914196f0f37741a274155e34a0b7e427c35d2a2ecb9"

[[package]]
name = "thread_local"
version = "1.1.4"
source = "registry+https://github.com/rust-lang/crates.io-index"
checksum = "5516c27b78311c50bf42c071425c560ac799b11c30b31f87e3081965fe5e0180"
dependencies = [
 "once_cell",
]
